
Microsoft Visual Studio Solution File, Format Version 12.00
# Visual Studio Version 16
VisualStudioVersion = 16.0.29411.108
MinimumVisualStudioVersion = 10.0.40219.1
Project("{6EC3EE1D-3C4E-46DD-8F32-0CC8E7565705}") = "week4", "week4.fsproj", "{1248E20D-8B67-454A-BB95-4325545CCB96}"
EndProject
Global
	GlobalSection(SolutionConfigurationPlatforms) = preSolution
		Debug|Any CPU = Debug|Any CPU
		Release|Any CPU = Release|Any CPU
	EndGlobalSection
	GlobalSection(ProjectConfigurationPlatforms) = postSolution
		{1248E20D-8B67-454A-BB95-4325545CCB96}.Debug|Any CPU.ActiveCfg = Debug|Any CPU
		{1248E20D-8B67-454A-BB95-4325545CCB96}.Debug|Any CPU.Build.0 = Debug|Any CPU
		{1248E20D-8B67-454A-BB95-4325545CCB96}.Release|Any CPU.ActiveCfg = Release|Any CPU
		{1248E20D-8B67-454A-BB95-4325545CCB96}.Release|Any CPU.Build.0 = Release|Any CPU
	EndGlobalSection
	GlobalSection(SolutionProperties) = preSolution
		HideSolutionNode = FALSE
	EndGlobalSection
	GlobalSection(ExtensibilityGlobals) = postSolution
		SolutionGuid = {D16AF734-2D11-4FE4-9B6C-B1E1AED367DE}
	EndGlobalSection
EndGlobal
